
Microsoft Visual Studio Solution File, Format Version 12.00
# Visual Studio Version 17
VisualStudioVersion = 17.11.35312.102
MinimumVisualStudioVersion = 10.0.40219.1
Project("{FAE04EC0-301F-11D3-BF4B-00C04F79EFBC}") = "calculator", "calculator\calculator.csproj", "{3C28C63D-FB46-4DF2-B1AA-ABBB64DCCC1D}"
EndProject
Global
	GlobalSection(SolutionConfigurationPlatforms) = preSolution
		Debug|Any CPU = Debug|Any CPU
		Release|Any CPU = Release|Any CPU
	EndGlobalSection
	GlobalSection(ProjectConfigurationPlatforms) = postSolution
		{3C28C63D-FB46-4DF2-B1AA-ABBB64DCCC1D}.Debug|Any CPU.ActiveCfg = Debug|Any CPU
		{3C28C63D-FB46-4DF2-B1AA-ABBB64DCCC1D}.Debug|Any CPU.Build.0 = Debug|Any CPU
		{3C28C63D-FB46-4DF2-B1AA-ABBB64DCCC1D}.Release|Any CPU.ActiveCfg = Release|Any CPU
		{3C28C63D-FB46-4DF2-B1AA-ABBB64DCCC1D}.Release|Any CPU.Build.0 = Release|Any CPU
	EndGlobalSection
	GlobalSection(SolutionProperties) = preSolution
		HideSolutionNode = FALSE
	EndGlobalSection
	GlobalSection(ExtensibilityGlobals) = postSolution
		SolutionGuid = {0183BA29-AFA7-4D26-B261-CB6E91A76416}
	EndGlobalSection
EndGlobal
