
Microsoft Visual Studio Solution File, Format Version 12.00
# Visual Studio Version 17
VisualStudioVersion = 17.11.35312.102
MinimumVisualStudioVersion = 10.0.40219.1
Project("{FAE04EC0-301F-11D3-BF4B-00C04F79EFBC}") = "Extension Methods", "Extension Methods\Extension Methods.csproj", "{CD732E8D-749D-4CDB-B700-E79993C5A847}"
EndProject
Global
	GlobalSection(SolutionConfigurationPlatforms) = preSolution
		Debug|Any CPU = Debug|Any CPU
		Release|Any CPU = Release|Any CPU
	EndGlobalSection
	GlobalSection(ProjectConfigurationPlatforms) = postSolution
		{CD732E8D-749D-4CDB-B700-E79993C5A847}.Debug|Any CPU.ActiveCfg = Debug|Any CPU
		{CD732E8D-749D-4CDB-B700-E79993C5A847}.Debug|Any CPU.Build.0 = Debug|Any CPU
		{CD732E8D-749D-4CDB-B700-E79993C5A847}.Release|Any CPU.ActiveCfg = Release|Any CPU
		{CD732E8D-749D-4CDB-B700-E79993C5A847}.Release|Any CPU.Build.0 = Release|Any CPU
	EndGlobalSection
	GlobalSection(SolutionProperties) = preSolution
		HideSolutionNode = FALSE
	EndGlobalSection
	GlobalSection(ExtensibilityGlobals) = postSolution
		SolutionGuid = {67E85CFB-ACFA-4977-86C4-464111CF3706}
	EndGlobalSection
EndGlobal
